// !$*UTF8*$!
{
	archiveVersion = 1;
	classes = {
	};
	objectVersion = 55;
	objects = {

/* Begin PBXBuildFile section */
		F3AA50BE28635CCC00018317 /* PokedexApp.swift in Sources */ = {isa = PBXBuildFile; fileRef = F3AA50BD28635CCC00018317 /* PokedexApp.swift */; };
		F3AA50C028635CCC00018317 /* ContentView.swift in Sources */ = {isa = PBXBuildFile; fileRef = F3AA50BF28635CCC00018317 /* ContentView.swift */; };
		F3AA50C228635CD000018317 /* Assets.xcassets in Resources */ = {isa = PBXBuildFile; fileRef = F3AA50C128635CD000018317 /* Assets.xcassets */; };
		F3AA50C528635CD000018317 /* Preview Assets.xcassets in Resources */ = {isa = PBXBuildFile; fileRef = F3AA50C428635CD000018317 /* Preview Assets.xcassets */; };
		F3B5D41E2864A838008DD832 /* Helpers.swift in Sources */ = {isa = PBXBuildFile; fileRef = F3B5D41D2864A838008DD832 /* Helpers.swift */; };
		F3B5D4212864B642008DD832 /* PokemonModel.swift in Sources */ = {isa = PBXBuildFile; fileRef = F3B5D4202864B642008DD832 /* PokemonModel.swift */; };
		F3B5D4272864C01C008DD832 /* PokemonManager.swift in Sources */ = {isa = PBXBuildFile; fileRef = F3B5D4262864C01C008DD832 /* PokemonManager.swift */; };
		F3B5D4292864C3A8008DD832 /* ViewModel.swift in Sources */ = {isa = PBXBuildFile; fileRef = F3B5D4282864C3A8008DD832 /* ViewModel.swift */; };
		F3B5D42B2864D4C2008DD832 /* pokemon.json in Resources */ = {isa = PBXBuildFile; fileRef = F3B5D42A2864D4C2008DD832 /* pokemon.json */; };
		F3B5D42E2864F75E008DD832 /* PokemonDetailView.swift in Sources */ = {isa = PBXBuildFile; fileRef = F3B5D42D2864F75E008DD832 /* PokemonDetailView.swift */; };
		F3B5D430286503D4008DD832 /* PokemonView.swift in Sources */ = {isa = PBXBuildFile; fileRef = F3B5D42F286503D4008DD832 /* PokemonView.swift */; };
/* End PBXBuildFile section */

/* Begin PBXFileReference section */
		F3AA50BA28635CCC00018317 /* Pokedex.app */ = {isa = PBXFileReference; explicitFileType = wrapper.application; includeInIndex = 0; path = Pokedex.app; sourceTree = BUILT_PRODUCTS_DIR; };
		F3AA50BD28635CCC00018317 /* PokedexApp.swift */ = {isa = PBXFileReference; lastKnownFileType = sourcecode.swift; path = PokedexApp.swift; sourceTree = "<group>"; };
		F3AA50BF28635CCC00018317 /* ContentView.swift */ = {isa = PBXFileReference; lastKnownFileType = sourcecode.swift; path = ContentView.swift; sourceTree = "<group>"; };
		F3AA50C128635CD000018317 /* Assets.xcassets */ = {isa = PBXFileReference; lastKnownFileType = folder.assetcatalog; path = Assets.xcassets; sourceTree = "<group>"; };
		F3AA50C428635CD000018317 /* Preview Assets.xcassets */ = {isa = PBXFileReference; lastKnownFileType = folder.assetcatalog; path = "Preview Assets.xcassets"; sourceTree = "<group>"; };
		F3B5D41D2864A838008DD832 /* Helpers.swift */ = {isa = PBXFileReference; lastKnownFileType = sourcecode.swift; path = Helpers.swift; sourceTree = "<group>"; };
		F3B5D4202864B642008DD832 /* PokemonModel.swift */ = {isa = PBXFileReference; lastKnownFileType = sourcecode.swift; path = PokemonModel.swift; sourceTree = "<group>"; };
		F3B5D4262864C01C008DD832 /* PokemonManager.swift */ = {isa = PBXFileReference; lastKnownFileType = sourcecode.swift; path = PokemonManager.swift; sourceTree = "<group>"; };
		F3B5D4282864C3A8008DD832 /* ViewModel.swift */ = {isa = PBXFileReference; lastKnownFileType = sourcecode.swift; path = ViewModel.swift; sourceTree = "<group>"; };
		F3B5D42A2864D4C2008DD832 /* pokemon.json */ = {isa = PBXFileReference; lastKnownFileType = text.json; path = pokemon.json; sourceTree = "<group>"; };
		F3B5D42D2864F75E008DD832 /* PokemonDetailView.swift */ = {isa = PBXFileReference; lastKnownFileType = sourcecode.swift; path = PokemonDetailView.swift; sourceTree = "<group>"; };
		F3B5D42F286503D4008DD832 /* PokemonView.swift */ = {isa = PBXFileReference; lastKnownFileType = sourcecode.swift; path = PokemonView.swift; sourceTree = "<group>"; };
/* End PBXFileReference section */

/* Begin PBXFrameworksBuildPhase section */
		F3AA50B728635CCC00018317 /* Frameworks */ = {
			isa = PBXFrameworksBuildPhase;
			buildActionMask = 2147483647;
			files = (
			);
			runOnlyForDeploymentPostprocessing = 0;
		};
/* End PBXFrameworksBuildPhase section */

/* Begin PBXGroup section */
		F3AA50B128635CCC00018317 = {
			isa = PBXGroup;
			children = (
				F3AA50BC28635CCC00018317 /* Pokedex */,
				F3AA50BB28635CCC00018317 /* Products */,
			);
			sourceTree = "<group>";
		};
		F3AA50BB28635CCC00018317 /* Products */ = {
			isa = PBXGroup;
			children = (
				F3AA50BA28635CCC00018317 /* Pokedex.app */,
			);
			name = Products;
			sourceTree = "<group>";
		};
		F3AA50BC28635CCC00018317 /* Pokedex */ = {
			isa = PBXGroup;
			children = (
				F3AA50BD28635CCC00018317 /* PokedexApp.swift */,
				F3B5D41C2864A807008DD832 /* Helpers */,
				F3B5D42C2864E8F9008DD832 /* Views */,
				F3B5D4222864BBDF008DD832 /* ViewModels */,
				F3B5D41F2864B626008DD832 /* Models */,
				F3B5D4252864BFF9008DD832 /* Managers */,
				F3B5D4192864A6D2008DD832 /* Data */,
				F3AA50C128635CD000018317 /* Assets.xcassets */,
				F3AA50C328635CD000018317 /* Preview Content */,
			);
			path = Pokedex;
			sourceTree = "<group>";
		};
		F3AA50C328635CD000018317 /* Preview Content */ = {
			isa = PBXGroup;
			children = (
				F3AA50C428635CD000018317 /* Preview Assets.xcassets */,
			);
			path = "Preview Content";
			sourceTree = "<group>";
		};
		F3B5D4192864A6D2008DD832 /* Data */ = {
			isa = PBXGroup;
			children = (
				F3B5D42A2864D4C2008DD832 /* pokemon.json */,
			);
			path = Data;
			sourceTree = "<group>";
		};
		F3B5D41C2864A807008DD832 /* Helpers */ = {
			isa = PBXGroup;
			children = (
				F3B5D41D2864A838008DD832 /* Helpers.swift */,
			);
			path = Helpers;
			sourceTree = "<group>";
		};
		F3B5D41F2864B626008DD832 /* Models */ = {
			isa = PBXGroup;
			children = (
				F3B5D4202864B642008DD832 /* PokemonModel.swift */,
			);
			path = Models;
			sourceTree = "<group>";
		};
		F3B5D4222864BBDF008DD832 /* ViewModels */ = {
			isa = PBXGroup;
			children = (
				F3B5D4282864C3A8008DD832 /* ViewModel.swift */,
			);
			path = ViewModels;
			sourceTree = "<group>";
		};
		F3B5D4252864BFF9008DD832 /* Managers */ = {
			isa = PBXGroup;
			children = (
				F3B5D4262864C01C008DD832 /* PokemonManager.swift */,
			);
			path = Managers;
			sourceTree = "<group>";
		};
		F3B5D42C2864E8F9008DD832 /* Views */ = {
			isa = PBXGroup;
			children = (
				F3AA50BF28635CCC00018317 /* ContentView.swift */,
				F3B5D42D2864F75E008DD832 /* PokemonDetailView.swift */,
				F3B5D42F286503D4008DD832 /* PokemonView.swift */,
			);
			path = Views;
			sourceTree = "<group>";
		};
/* End PBXGroup section */

/* Begin PBXNativeTarget section */
		F3AA50B928635CCC00018317 /* Pokedex */ = {
			isa = PBXNativeTarget;
			buildConfigurationList = F3AA50C828635CD000018317 /* Build configuration list for PBXNativeTarget "Pokedex" */;
			buildPhases = (
				F3AA50B628635CCC00018317 /* Sources */,
				F3AA50B728635CCC00018317 /* Frameworks */,
				F3AA50B828635CCC00018317 /* Resources */,
			);
			buildRules = (
			);
			dependencies = (
			);
			name = Pokedex;
			productName = Pokedex;
			productReference = F3AA50BA28635CCC00018317 /* Pokedex.app */;
			productType = "com.apple.product-type.application";
		};
/* End PBXNativeTarget section */

/* Begin PBXProject section */
		F3AA50B228635CCC00018317 /* Project object */ = {
			isa = PBXProject;
			attributes = {
				BuildIndependentTargetsInParallel = 1;
				LastSwiftUpdateCheck = 1340;
				LastUpgradeCheck = 1340;
				TargetAttributes = {
					F3AA50B928635CCC00018317 = {
						CreatedOnToolsVersion = 13.4.1;
					};
				};
			};
			buildConfigurationList = F3AA50B528635CCC00018317 /* Build configuration list for PBXProject "Pokedex" */;
			compatibilityVersion = "Xcode 13.0";
			developmentRegion = en;
			hasScannedForEncodings = 0;
			knownRegions = (
				en,
				Base,
			);
			mainGroup = F3AA50B128635CCC00018317;
			productRefGroup = F3AA50BB28635CCC00018317 /* Products */;
			projectDirPath = "";
			projectRoot = "";
			targets = (
				F3AA50B928635CCC00018317 /* Pokedex */,
			);
		};
/* End PBXProject section */

/* Begin PBXResourcesBuildPhase section */
		F3AA50B828635CCC00018317 /* Resources */ = {
			isa = PBXResourcesBuildPhase;
			buildActionMask = 2147483647;
			files = (
				F3AA50C528635CD000018317 /* Preview Assets.xcassets in Resources */,
				F3B5D42B2864D4C2008DD832 /* pokemon.json in Resources */,
				F3AA50C228635CD000018317 /* Assets.xcassets in Resources */,
			);
			runOnlyForDeploymentPostprocessing = 0;
		};
/* End PBXResourcesBuildPhase section */

/* Begin PBXSourcesBuildPhase section */
		F3AA50B628635CCC00018317 /* Sources */ = {
			isa = PBXSourcesBuildPhase;
			buildActionMask = 2147483647;
			files = (
				F3B5D430286503D4008DD832 /* PokemonView.swift in Sources */,
				F3AA50C028635CCC00018317 /* ContentView.swift in Sources */,
				F3B5D4212864B642008DD832 /* PokemonModel.swift in Sources */,
				F3AA50BE28635CCC00018317 /* PokedexApp.swift in Sources */,
				F3B5D4272864C01C008DD832 /* PokemonManager.swift in Sources */,
				F3B5D41E2864A838008DD832 /* Helpers.swift in Sources */,
				F3B5D42E2864F75E008DD832 /* PokemonDetailView.swift in Sources */,
				F3B5D4292864C3A8008DD832 /* ViewModel.swift in Sources */,
			);
			runOnlyForDeploymentPostprocessing = 0;
		};
/* End PBXSourcesBuildPhase section */

/* Begin XCBuildConfiguration section */
		F3AA50C628635CD000018317 /* Debug */ = {
			isa = XCBuildConfiguration;
			buildSettings = {
				ALWAYS_SEARCH_USER_PATHS = NO;
				CLANG_ANALYZER_NONNULL = YES;
				CLANG_ANALYZER_NUMBER_OBJECT_CONVERSION = YES_AGGRESSIVE;
				CLANG_CXX_LANGUAGE_STANDARD = "gnu++17";
				CLANG_ENABLE_MODULES = YES;
				CLANG_ENABLE_OBJC_ARC = YES;
				CLANG_ENABLE_OBJC_WEAK = YES;
				CLANG_WARN_BLOCK_CAPTURE_AUTORELEASING = YES;
				CLANG_WARN_BOOL_CONVERSION = YES;
				CLANG_WARN_COMMA = YES;
				CLANG_WARN_CONSTANT_CONVERSION = YES;
				CLANG_WARN_DEPRECATED_OBJC_IMPLEMENTATIONS = YES;
				CLANG_WARN_DIRECT_OBJC_ISA_USAGE = YES_ERROR;
				CLANG_WARN_DOCUMENTATION_COMMENTS = YES;
				CLANG_WARN_EMPTY_BODY = YES;
				CLANG_WARN_ENUM_CONVERSION = YES;
				CLANG_WARN_INFINITE_RECURSION = YES;
				CLANG_WARN_INT_CONVERSION = YES;
				CLANG_WARN_NON_LITERAL_NULL_CONVERSION = YES;
				CLANG_WARN_OBJC_IMPLICIT_RETAIN_SELF = YES;
				CLANG_WARN_OBJC_LITERAL_CONVERSION = YES;
				CLANG_WARN_OBJC_ROOT_CLASS = YES_ERROR;
				CLANG_WARN_QUOTED_INCLUDE_IN_FRAMEWORK_HEADER = YES;
				CLANG_WARN_RANGE_LOOP_ANALYSIS = YES;
				CLANG_WARN_STRICT_PROTOTYPES = YES;
				CLANG_WARN_SUSPICIOUS_MOVE = YES;
				CLANG_WARN_UNGUARDED_AVAILABILITY = YES_AGGRESSIVE;
				CLANG_WARN_UNREACHABLE_CODE = YES;
				CLANG_WARN__DUPLICATE_METHOD_MATCH = YES;
				COPY_PHASE_STRIP = NO;
				DEBUG_INFORMATION_FORMAT = dwarf;
				ENABLE_STRICT_OBJC_MSGSEND = YES;
				ENABLE_TESTABILITY = YES;
				GCC_C_LANGUAGE_STANDARD = gnu11;
				GCC_DYNAMIC_NO_PIC = NO;
				GCC_NO_COMMON_BLOCKS = YES;
				GCC_OPTIMIZATION_LEVEL = 0;
				GCC_PREPROCESSOR_DEFINITIONS = (
					"DEBUG=1",
					"$(inherited)",
				);
				GCC_WARN_64_TO_32_BIT_CONVERSION = YES;
				GCC_WARN_ABOUT_RETURN_TYPE = YES_ERROR;
				GCC_WARN_UNDECLARED_SELECTOR = YES;
				GCC_WARN_UNINITIALIZED_AUTOS = YES_AGGRESSIVE;
				GCC_WARN_UNUSED_FUNCTION = YES;
				GCC_WARN_UNUSED_VARIABLE = YES;
				IPHONEOS_DEPLOYMENT_TARGET = 15.5;
				MTL_ENABLE_DEBUG_INFO = INCLUDE_SOURCE;
				MTL_FAST_MATH = YES;
				ONLY_ACTIVE_ARCH = YES;
				SDKROOT = iphoneos;
				SWIFT_ACTIVE_COMPILATION_CONDITIONS = DEBUG;
				SWIFT_OPTIMIZATION_LEVEL = "-Onone";
			};
			name = Debug;
		};
		F3AA50C728635CD000018317 /* Release */ = {
			isa = XCBuildConfiguration;
			buildSettings = {
				ALWAYS_SEARCH_USER_PATHS = NO;
				CLANG_ANALYZER_NONNULL = YES;
				CLANG_ANALYZER_NUMBER_OBJECT_CONVERSION = YES_AGGRESSIVE;
				CLANG_CXX_LANGUAGE_STANDARD = "gnu++17";
				CLANG_ENABLE_MODULES = YES;
				CLANG_ENABLE_OBJC_ARC = YES;
				CLANG_ENABLE_OBJC_WEAK = YES;
				CLANG_WARN_BLOCK_CAPTURE_AUTORELEASING = YES;
				CLANG_WARN_BOOL_CONVERSION = YES;
				CLANG_WARN_COMMA = YES;
				CLANG_WARN_CONSTANT_CONVERSION = YES;
				CLANG_WARN_DEPRECATED_OBJC_IMPLEMENTATIONS = YES;
				CLANG_WARN_DIRECT_OBJC_ISA_USAGE = YES_ERROR;
				CLANG_WARN_DOCUMENTATION_COMMENTS = YES;
				CLANG_WARN_EMPTY_BODY = YES;
				CLANG_WARN_ENUM_CONVERSION = YES;
				CLANG_WARN_INFINITE_RECURSION = YES;
				CLANG_WARN_INT_CONVERSION = YES;
				CLANG_WARN_NON_LITERAL_NULL_CONVERSION = YES;
				CLANG_WARN_OBJC_IMPLICIT_RETAIN_SELF = YES;
				CLANG_WARN_OBJC_LITERAL_CONVERSION = YES;
				CLANG_WARN_OBJC_ROOT_CLASS = YES_ERROR;
				CLANG_WARN_QUOTED_INCLUDE_IN_FRAMEWORK_HEADER = YES;
				CLANG_WARN_RANGE_LOOP_ANALYSIS = YES;
				CLANG_WARN_STRICT_PROTOTYPES = YES;
				CLANG_WARN_SUSPICIOUS_MOVE = YES;
				CLANG_WARN_UNGUARDED_AVAILABILITY = YES_AGGRESSIVE;
				CLANG_WARN_UNREACHABLE_CODE = YES;
				CLANG_WARN__DUPLICATE_METHOD_MATCH = YES;
				COPY_PHASE_STRIP = NO;
				DEBUG_INFORMATION_FORMAT = "dwarf-with-dsym";
				ENABLE_NS_ASSERTIONS = NO;
				ENABLE_STRICT_OBJC_MSGSEND = YES;
				GCC_C_LANGUAGE_STANDARD = gnu11;
				GCC_NO_COMMON_BLOCKS = YES;
				GCC_WARN_64_TO_32_BIT_CONVERSION = YES;
				GCC_WARN_ABOUT_RETURN_TYPE = YES_ERROR;
				GCC_WARN_UNDECLARED_SELECTOR = YES;
				GCC_WARN_UNINITIALIZED_AUTOS = YES_AGGRESSIVE;
				GCC_WARN_UNUSED_FUNCTION = YES;
				GCC_WARN_UNUSED_VARIABLE = YES;
				IPHONEOS_DEPLOYMENT_TARGET = 15.5;
				MTL_ENABLE_DEBUG_INFO = NO;
				MTL_FAST_MATH = YES;
				SDKROOT = iphoneos;
				SWIFT_COMPILATION_MODE = wholemodule;
				SWIFT_OPTIMIZATION_LEVEL = "-O";
				VALIDATE_PRODUCT = YES;
			};
			name = Release;
		};
		F3AA50C928635CD000018317 /* Debug */ = {
			isa = XCBuildConfiguration;
			buildSettings = {
				ASSETCATALOG_COMPILER_APPICON_NAME = AppIcon;
				ASSETCATALOG_COMPILER_GLOBAL_ACCENT_COLOR_NAME = AccentColor;
				CODE_SIGN_STYLE = Automatic;
				CURRENT_PROJECT_VERSION = 1;
				DEVELOPMENT_ASSET_PATHS = "\"Pokedex/Preview Content\"";
				ENABLE_PREVIEWS = YES;
				GENERATE_INFOPLIST_FILE = YES;
				INFOPLIST_KEY_UIApplicationSceneManifest_Generation = YES;
				INFOPLIST_KEY_UIApplicationSupportsIndirectInputEvents = YES;
				INFOPLIST_KEY_UILaunchScreen_Generation = YES;
				INFOPLIST_KEY_UISupportedInterfaceOrientations_iPad = "UIInterfaceOrientationPortrait UIInterfaceOrientationPortraitUpsideDown UIInterfaceOrientationLandscapeLeft UIInterfaceOrientationLandscapeRight";
				INFOPLIST_KEY_UISupportedInterfaceOrientations_iPhone = "UIInterfaceOrientationPortrait UIInterfaceOrientationLandscapeLeft UIInterfaceOrientationLandscapeRight";
				LD_RUNPATH_SEARCH_PATHS = (
					"$(inherited)",
					"@executable_path/Frameworks",
				);
				MARKETING_VERSION = 1.0;
				PRODUCT_BUNDLE_IDENTIFIER = io.github.erasmojf.Pokedex;
				PRODUCT_NAME = "$(TARGET_NAME)";
				SWIFT_EMIT_LOC_STRINGS = YES;
				SWIFT_VERSION = 5.0;
				TARGETED_DEVICE_FAMILY = "1,2";
			};
			name = Debug;
		};
		F3AA50CA28635CD000018317 /* Release */ = {
			isa = XCBuildConfiguration;
			buildSettings = {
				ASSETCATALOG_COMPILER_APPICON_NAME = AppIcon;
				ASSETCATALOG_COMPILER_GLOBAL_ACCENT_COLOR_NAME = AccentColor;
				CODE_SIGN_STYLE = Automatic;
				CURRENT_PROJECT_VERSION = 1;
				DEVELOPMENT_ASSET_PATHS = "\"Pokedex/Preview Content\"";
				ENABLE_PREVIEWS = YES;
				GENERATE_INFOPLIST_FILE = YES;
				INFOPLIST_KEY_UIApplicationSceneManifest_Generation = YES;
				INFOPLIST_KEY_UIApplicationSupportsIndirectInputEvents = YES;
				INFOPLIST_KEY_UILaunchScreen_Generation = YES;
				INFOPLIST_KEY_UISupportedInterfaceOrientations_iPad = "UIInterfaceOrientationPortrait UIInterfaceOrientationPortraitUpsideDown UIInterfaceOrientationLandscapeLeft UIInterfaceOrientationLandscapeRight";
				INFOPLIST_KEY_UISupportedInterfaceOrientations_iPhone = "UIInterfaceOrientationPortrait UIInterfaceOrientationLandscapeLeft UIInterfaceOrientationLandscapeRight";
				LD_RUNPATH_SEARCH_PATHS = (
					"$(inherited)",
					"@executable_path/Frameworks",
				);
				MARKETING_VERSION = 1.0;
				PRODUCT_BUNDLE_IDENTIFIER = io.github.erasmojf.Pokedex;
				PRODUCT_NAME = "$(TARGET_NAME)";
				SWIFT_EMIT_LOC_STRINGS = YES;
				SWIFT_VERSION = 5.0;
				TARGETED_DEVICE_FAMILY = "1,2";
			};
			name = Release;
		};
/* End XCBuildConfiguration section */

/* Begin XCConfigurationList section */
		F3AA50B528635CCC00018317 /* Build configuration list for PBXProject "Pokedex" */ = {
			isa = XCConfigurationList;
			buildConfigurations = (
				F3AA50C628635CD000018317 /* Debug */,
				F3AA50C728635CD000018317 /* Release */,
			);
			defaultConfigurationIsVisible = 0;
			defaultConfigurationName = Release;
		};
		F3AA50C828635CD000018317 /* Build configuration list for PBXNativeTarget "Pokedex" */ = {
			isa = XCConfigurationList;
			buildConfigurations = (
				F3AA50C928635CD000018317 /* Debug */,
				F3AA50CA28635CD000018317 /* Release */,
			);
			defaultConfigurationIsVisible = 0;
			defaultConfigurationName = Release;
		};
/* End XCConfigurationList section */
	};
	rootObject = F3AA50B228635CCC00018317 /* Project object */;
}
